// !$*UTF8*$!
{
	archiveVersion = 1;
	classes = {
	};
	objectVersion = 46;
	objects = {

/* Begin PBXBuildFile section */
		F3FB81C91DA4D3C000604C9C /* AppDelegate.swift in Sources */ = {isa = PBXBuildFile; fileRef = F3FB81C81DA4D3C000604C9C /* AppDelegate.swift */; };
		F3FB81CB1DA4D3C000604C9C /* ViewController.swift in Sources */ = {isa = PBXBuildFile; fileRef = F3FB81CA1DA4D3C000604C9C /* ViewController.swift */; };
		F3FB81D31DA4D3C000604C9C /* LaunchScreen.storyboard in Resources */ = {isa = PBXBuildFile; fileRef = F3FB81D11DA4D3C000604C9C /* LaunchScreen.storyboard */; };
		F3FB81DE1DA4D3C000604C9C /* MemeGeneratorTests.swift in Sources */ = {isa = PBXBuildFile; fileRef = F3FB81DD1DA4D3C000604C9C /* MemeGeneratorTests.swift */; };
		F3FB81F01DA4D5BE00604C9C /* Main.storyboard in Resources */ = {isa = PBXBuildFile; fileRef = F3FB81EF1DA4D5BE00604C9C /* Main.storyboard */; };
		F3FB81F21DA4D5CC00604C9C /* Assets.xcassets in Resources */ = {isa = PBXBuildFile; fileRef = F3FB81F11DA4D5CC00604C9C /* Assets.xcassets */; };
/* End PBXBuildFile section */

/* Begin PBXContainerItemProxy section */
		F3FB81DA1DA4D3C000604C9C /* PBXContainerItemProxy */ = {
			isa = PBXContainerItemProxy;
			containerPortal = F3FB81BD1DA4D3C000604C9C /* Project object */;
			proxyType = 1;
			remoteGlobalIDString = F3FB81C41DA4D3C000604C9C;
			remoteInfo = MemeGenerator;
		};
/* End PBXContainerItemProxy section */

/* Begin PBXFileReference section */
		F3FB81C51DA4D3C000604C9C /* MemeGenerator.app */ = {isa = PBXFileReference; explicitFileType = wrapper.application; includeInIndex = 0; path = MemeGenerator.app; sourceTree = BUILT_PRODUCTS_DIR; };
		F3FB81C81DA4D3C000604C9C /* AppDelegate.swift */ = {isa = PBXFileReference; lastKnownFileType = sourcecode.swift; path = AppDelegate.swift; sourceTree = "<group>"; };
		F3FB81CA1DA4D3C000604C9C /* ViewController.swift */ = {isa = PBXFileReference; lastKnownFileType = sourcecode.swift; path = ViewController.swift; sourceTree = "<group>"; };
		F3FB81D21DA4D3C000604C9C /* Base */ = {isa = PBXFileReference; lastKnownFileType = file.storyboard; name = Base; path = Base.lproj/LaunchScreen.storyboard; sourceTree = "<group>"; };
		F3FB81D41DA4D3C000604C9C /* Info.plist */ = {isa = PBXFileReference; lastKnownFileType = text.plist.xml; path = Info.plist; sourceTree = "<group>"; };
		F3FB81D91DA4D3C000604C9C /* MemeGeneratorTests.xctest */ = {isa = PBXFileReference; explicitFileType = wrapper.cfbundle; includeInIndex = 0; path = MemeGeneratorTests.xctest; sourceTree = BUILT_PRODUCTS_DIR; };
		F3FB81DD1DA4D3C000604C9C /* MemeGeneratorTests.swift */ = {isa = PBXFileReference; lastKnownFileType = sourcecode.swift; path = MemeGeneratorTests.swift; sourceTree = "<group>"; };
		F3FB81DF1DA4D3C000604C9C /* Info.plist */ = {isa = PBXFileReference; lastKnownFileType = text.plist.xml; path = Info.plist; sourceTree = "<group>"; };
		F3FB81EF1DA4D5BE00604C9C /* Main.storyboard */ = {isa = PBXFileReference; fileEncoding = 4; lastKnownFileType = file.storyboard; path = Main.storyboard; sourceTree = "<group>"; };
		F3FB81F11DA4D5CC00604C9C /* Assets.xcassets */ = {isa = PBXFileReference; lastKnownFileType = folder.assetcatalog; path = Assets.xcassets; sourceTree = "<group>"; };
/* End PBXFileReference section */

/* Begin PBXFrameworksBuildPhase section */
		F3FB81C21DA4D3C000604C9C /* Frameworks */ = {
			isa = PBXFrameworksBuildPhase;
			buildActionMask = 2147483647;
			files = (
			);
			runOnlyForDeploymentPostprocessing = 0;
		};
		F3FB81D61DA4D3C000604C9C /* Frameworks */ = {
			isa = PBXFrameworksBuildPhase;
			buildActionMask = 2147483647;
			files = (
			);
			runOnlyForDeploymentPostprocessing = 0;
		};
/* End PBXFrameworksBuildPhase section */

/* Begin PBXGroup section */
		F3FB81BC1DA4D3C000604C9C = {
			isa = PBXGroup;
			children = (
				F3FB81C71DA4D3C000604C9C /* MemeGenerator */,
				F3FB81DC1DA4D3C000604C9C /* MemeGeneratorTests */,
				F3FB81C61DA4D3C000604C9C /* Products */,
			);
			sourceTree = "<group>";
		};
		F3FB81C61DA4D3C000604C9C /* Products */ = {
			isa = PBXGroup;
			children = (
				F3FB81C51DA4D3C000604C9C /* MemeGenerator.app */,
				F3FB81D91DA4D3C000604C9C /* MemeGeneratorTests.xctest */,
			);
			name = Products;
			sourceTree = "<group>";
		};
		F3FB81C71DA4D3C000604C9C /* MemeGenerator */ = {
			isa = PBXGroup;
			children = (
				F3FB81C81DA4D3C000604C9C /* AppDelegate.swift */,
				F3FB81CA1DA4D3C000604C9C /* ViewController.swift */,
				F3FB81D11DA4D3C000604C9C /* LaunchScreen.storyboard */,
				F3FB81EF1DA4D5BE00604C9C /* Main.storyboard */,
				F3FB81F11DA4D5CC00604C9C /* Assets.xcassets */,
				F3FB81D41DA4D3C000604C9C /* Info.plist */,
			);
			path = MemeGenerator;
			sourceTree = "<group>";
		};
		F3FB81DC1DA4D3C000604C9C /* MemeGeneratorTests */ = {
			isa = PBXGroup;
			children = (
				F3FB81DD1DA4D3C000604C9C /* MemeGeneratorTests.swift */,
				F3FB81DF1DA4D3C000604C9C /* Info.plist */,
			);
			path = MemeGeneratorTests;
			sourceTree = "<group>";
		};
/* End PBXGroup section */

/* Begin PBXNativeTarget section */
		F3FB81C41DA4D3C000604C9C /* MemeGenerator */ = {
			isa = PBXNativeTarget;
			buildConfigurationList = F3FB81E21DA4D3C000604C9C /* Build configuration list for PBXNativeTarget "MemeGenerator" */;
			buildPhases = (
				F3FB81C11DA4D3C000604C9C /* Sources */,
				F3FB81C21DA4D3C000604C9C /* Frameworks */,
				F3FB81C31DA4D3C000604C9C /* Resources */,
			);
			buildRules = (
			);
			dependencies = (
			);
			name = MemeGenerator;
			productName = MemeGenerator;
			productReference = F3FB81C51DA4D3C000604C9C /* MemeGenerator.app */;
			productType = "com.apple.product-type.application";
		};
		F3FB81D81DA4D3C000604C9C /* MemeGeneratorTests */ = {
			isa = PBXNativeTarget;
			buildConfigurationList = F3FB81E51DA4D3C000604C9C /* Build configuration list for PBXNativeTarget "MemeGeneratorTests" */;
			buildPhases = (
				F3FB81D51DA4D3C000604C9C /* Sources */,
				F3FB81D61DA4D3C000604C9C /* Frameworks */,
				F3FB81D71DA4D3C000604C9C /* Resources */,
			);
			buildRules = (
			);
			dependencies = (
				F3FB81DB1DA4D3C000604C9C /* PBXTargetDependency */,
			);
			name = MemeGeneratorTests;
			productName = MemeGeneratorTests;
			productReference = F3FB81D91DA4D3C000604C9C /* MemeGeneratorTests.xctest */;
			productType = "com.apple.product-type.bundle.unit-test";
		};
/* End PBXNativeTarget section */

/* Begin PBXProject section */
		F3FB81BD1DA4D3C000604C9C /* Project object */ = {
			isa = PBXProject;
			attributes = {
				LastSwiftUpdateCheck = 0730;
				LastUpgradeCheck = 0730;
				ORGANIZATIONNAME = "Norris Swift";
				TargetAttributes = {
					F3FB81C41DA4D3C000604C9C = {
						CreatedOnToolsVersion = 7.3.1;
						DevelopmentTeam = 36QCL6825E;
					};
					F3FB81D81DA4D3C000604C9C = {
						CreatedOnToolsVersion = 7.3.1;
						DevelopmentTeam = 36QCL6825E;
						TestTargetID = F3FB81C41DA4D3C000604C9C;
					};
				};
			};
			buildConfigurationList = F3FB81C01DA4D3C000604C9C /* Build configuration list for PBXProject "MemeGenerator" */;
			compatibilityVersion = "Xcode 3.2";
			developmentRegion = English;
			hasScannedForEncodings = 0;
			knownRegions = (
				en,
				Base,
			);
			mainGroup = F3FB81BC1DA4D3C000604C9C;
			productRefGroup = F3FB81C61DA4D3C000604C9C /* Products */;
			projectDirPath = "";
			projectRoot = "";
			targets = (
				F3FB81C41DA4D3C000604C9C /* MemeGenerator */,
				F3FB81D81DA4D3C000604C9C /* MemeGeneratorTests */,
			);
		};
/* End PBXProject section */

/* Begin PBXResourcesBuildPhase section */
		F3FB81C31DA4D3C000604C9C /* Resources */ = {
			isa = PBXResourcesBuildPhase;
			buildActionMask = 2147483647;
			files = (
				F3FB81F01DA4D5BE00604C9C /* Main.storyboard in Resources */,
				F3FB81F21DA4D5CC00604C9C /* Assets.xcassets in Resources */,
				F3FB81D31DA4D3C000604C9C /* LaunchScreen.storyboard in Resources */,
			);
			runOnlyForDeploymentPostprocessing = 0;
		};
		F3FB81D71DA4D3C000604C9C /* Resources */ = {
			isa = PBXResourcesBuildPhase;
			buildActionMask = 2147483647;
			files = (
			);
			runOnlyForDeploymentPostprocessing = 0;
		};
/* End PBXResourcesBuildPhase section */

/* Begin PBXSourcesBuildPhase section */
		F3FB81C11DA4D3C000604C9C /* Sources */ = {
			isa = PBXSourcesBuildPhase;
			buildActionMask = 2147483647;
			files = (
				F3FB81CB1DA4D3C000604C9C /* ViewController.swift in Sources */,
				F3FB81C91DA4D3C000604C9C /* AppDelegate.swift in Sources */,
			);
			runOnlyForDeploymentPostprocessing = 0;
		};
		F3FB81D51DA4D3C000604C9C /* Sources */ = {
			isa = PBXSourcesBuildPhase;
			buildActionMask = 2147483647;
			files = (
				F3FB81DE1DA4D3C000604C9C /* MemeGeneratorTests.swift in Sources */,
			);
			runOnlyForDeploymentPostprocessing = 0;
		};
/* End PBXSourcesBuildPhase section */

/* Begin PBXTargetDependency section */
		F3FB81DB1DA4D3C000604C9C /* PBXTargetDependency */ = {
			isa = PBXTargetDependency;
			target = F3FB81C41DA4D3C000604C9C /* MemeGenerator */;
			targetProxy = F3FB81DA1DA4D3C000604C9C /* PBXContainerItemProxy */;
		};
/* End PBXTargetDependency section */

/* Begin PBXVariantGroup section */
		F3FB81D11DA4D3C000604C9C /* LaunchScreen.storyboard */ = {
			isa = PBXVariantGroup;
			children = (
				F3FB81D21DA4D3C000604C9C /* Base */,
			);
			name = LaunchScreen.storyboard;
			sourceTree = "<group>";
		};
/* End PBXVariantGroup section */

/* Begin XCBuildConfiguration section */
		F3FB81E01DA4D3C000604C9C /* Debug */ = {
			isa = XCBuildConfiguration;
			buildSettings = {
				ALWAYS_SEARCH_USER_PATHS = NO;
				CLANG_ANALYZER_NONNULL = YES;
				CLANG_CXX_LANGUAGE_STANDARD = "gnu++0x";
				CLANG_CXX_LIBRARY = "libc++";
				CLANG_ENABLE_MODULES = YES;
				CLANG_ENABLE_OBJC_ARC = YES;
				CLANG_WARN_BOOL_CONVERSION = YES;
				CLANG_WARN_CONSTANT_CONVERSION = YES;
				CLANG_WARN_DIRECT_OBJC_ISA_USAGE = YES_ERROR;
				CLANG_WARN_EMPTY_BODY = YES;
				CLANG_WARN_ENUM_CONVERSION = YES;
				CLANG_WARN_INT_CONVERSION = YES;
				CLANG_WARN_OBJC_ROOT_CLASS = YES_ERROR;
				CLANG_WARN_UNREACHABLE_CODE = YES;
				CLANG_WARN__DUPLICATE_METHOD_MATCH = YES;
				"CODE_SIGN_IDENTITY[sdk=iphoneos*]" = "iPhone Developer";
				COPY_PHASE_STRIP = NO;
				DEBUG_INFORMATION_FORMAT = dwarf;
				ENABLE_STRICT_OBJC_MSGSEND = YES;
				ENABLE_TESTABILITY = YES;
				GCC_C_LANGUAGE_STANDARD = gnu99;
				GCC_DYNAMIC_NO_PIC = NO;
				GCC_NO_COMMON_BLOCKS = YES;
				GCC_OPTIMIZATION_LEVEL = 0;
				GCC_PREPROCESSOR_DEFINITIONS = (
					"DEBUG=1",
					"$(inherited)",
				);
				GCC_WARN_64_TO_32_BIT_CONVERSION = YES;
				GCC_WARN_ABOUT_RETURN_TYPE = YES_ERROR;
				GCC_WARN_UNDECLARED_SELECTOR = YES;
				GCC_WARN_UNINITIALIZED_AUTOS = YES_AGGRESSIVE;
				GCC_WARN_UNUSED_FUNCTION = YES;
				GCC_WARN_UNUSED_VARIABLE = YES;
				IPHONEOS_DEPLOYMENT_TARGET = 9.3;
				MTL_ENABLE_DEBUG_INFO = YES;
				ONLY_ACTIVE_ARCH = YES;
				SDKROOT = iphoneos;
				SWIFT_OPTIMIZATION_LEVEL = "-Onone";
			};
			name = Debug;
		};
		F3FB81E11DA4D3C000604C9C /* Release */ = {
			isa = XCBuildConfiguration;
			buildSettings = {
				ALWAYS_SEARCH_USER_PATHS = NO;
				CLANG_ANALYZER_NONNULL = YES;
				CLANG_CXX_LANGUAGE_STANDARD = "gnu++0x";
				CLANG_CXX_LIBRARY = "libc++";
				CLANG_ENABLE_MODULES = YES;
				CLANG_ENABLE_OBJC_ARC = YES;
				CLANG_WARN_BOOL_CONVERSION = YES;
				CLANG_WARN_CONSTANT_CONVERSION = YES;
				CLANG_WARN_DIRECT_OBJC_ISA_USAGE = YES_ERROR;
				CLANG_WARN_EMPTY_BODY = YES;
				CLANG_WARN_ENUM_CONVERSION = YES;
				CLANG_WARN_INT_CONVERSION = YES;
				CLANG_WARN_OBJC_ROOT_CLASS = YES_ERROR;
				CLANG_WARN_UNREACHABLE_CODE = YES;
				CLANG_WARN__DUPLICATE_METHOD_MATCH = YES;
				"CODE_SIGN_IDENTITY[sdk=iphoneos*]" = "iPhone Developer";
				COPY_PHASE_STRIP = NO;
				DEBUG_INFORMATION_FORMAT = "dwarf-with-dsym";
				ENABLE_NS_ASSERTIONS = NO;
				ENABLE_STRICT_OBJC_MSGSEND = YES;
				GCC_C_LANGUAGE_STANDARD = gnu99;
				GCC_NO_COMMON_BLOCKS = YES;
				GCC_WARN_64_TO_32_BIT_CONVERSION = YES;
				GCC_WARN_ABOUT_RETURN_TYPE = YES_ERROR;
				GCC_WARN_UNDECLARED_SELECTOR = YES;
				GCC_WARN_UNINITIALIZED_AUTOS = YES_AGGRESSIVE;
				GCC_WARN_UNUSED_FUNCTION = YES;
				GCC_WARN_UNUSED_VARIABLE = YES;
				IPHONEOS_DEPLOYMENT_TARGET = 9.3;
				MTL_ENABLE_DEBUG_INFO = NO;
				SDKROOT = iphoneos;
				VALIDATE_PRODUCT = YES;
			};
			name = Release;
		};
		F3FB81E31DA4D3C000604C9C /* Debug */ = {
			isa = XCBuildConfiguration;
			buildSettings = {
				ASSETCATALOG_COMPILER_APPICON_NAME = AppIcon;
				INFOPLIST_FILE = MemeGenerator/Info.plist;
				LD_RUNPATH_SEARCH_PATHS = "$(inherited) @executable_path/Frameworks";
				PRODUCT_BUNDLE_IDENTIFIER = com..MemeGenerator;
				PRODUCT_NAME = "$(TARGET_NAME)";
			};
			name = Debug;
		};
		F3FB81E41DA4D3C000604C9C /* Release */ = {
			isa = XCBuildConfiguration;
			buildSettings = {
				ASSETCATALOG_COMPILER_APPICON_NAME = AppIcon;
				INFOPLIST_FILE = MemeGenerator/Info.plist;
				LD_RUNPATH_SEARCH_PATHS = "$(inherited) @executable_path/Frameworks";
				PRODUCT_BUNDLE_IDENTIFIER = com..MemeGenerator;
				PRODUCT_NAME = "$(TARGET_NAME)";
			};
			name = Release;
		};
		F3FB81E61DA4D3C000604C9C /* Debug */ = {
			isa = XCBuildConfiguration;
			buildSettings = {
				BUNDLE_LOADER = "$(TEST_HOST)";
				INFOPLIST_FILE = MemeGeneratorTests/Info.plist;
				LD_RUNPATH_SEARCH_PATHS = "$(inherited) @executable_path/Frameworks @loader_path/Frameworks";
				PRODUCT_BUNDLE_IDENTIFIER = com..MemeGeneratorTests;
				PRODUCT_NAME = "$(TARGET_NAME)";
				TEST_HOST = "$(BUILT_PRODUCTS_DIR)/MemeGenerator.app/MemeGenerator";
			};
			name = Debug;
		};
		F3FB81E71DA4D3C000604C9C /* Release */ = {
			isa = XCBuildConfiguration;
			buildSettings = {
				BUNDLE_LOADER = "$(TEST_HOST)";
				INFOPLIST_FILE = MemeGeneratorTests/Info.plist;
				LD_RUNPATH_SEARCH_PATHS = "$(inherited) @executable_path/Frameworks @loader_path/Frameworks";
				PRODUCT_BUNDLE_IDENTIFIER = com..MemeGeneratorTests;
				PRODUCT_NAME = "$(TARGET_NAME)";
				TEST_HOST = "$(BUILT_PRODUCTS_DIR)/MemeGenerator.app/MemeGenerator";
			};
			name = Release;
		};
/* End XCBuildConfiguration section */

/* Begin XCConfigurationList section */
		F3FB81C01DA4D3C000604C9C /* Build configuration list for PBXProject "MemeGenerator" */ = {
			isa = XCConfigurationList;
			buildConfigurations = (
				F3FB81E01DA4D3C000604C9C /* Debug */,
				F3FB81E11DA4D3C000604C9C /* Release */,
			);
			defaultConfigurationIsVisible = 0;
			defaultConfigurationName = Release;
		};
		F3FB81E21DA4D3C000604C9C /* Build configuration list for PBXNativeTarget "MemeGenerator" */ = {
			isa = XCConfigurationList;
			buildConfigurations = (
				F3FB81E31DA4D3C000604C9C /* Debug */,
				F3FB81E41DA4D3C000604C9C /* Release */,
			);
			defaultConfigurationIsVisible = 0;
			defaultConfigurationName = Release;
		};
		F3FB81E51DA4D3C000604C9C /* Build configuration list for PBXNativeTarget "MemeGeneratorTests" */ = {
			isa = XCConfigurationList;
			buildConfigurations = (
				F3FB81E61DA4D3C000604C9C /* Debug */,
				F3FB81E71DA4D3C000604C9C /* Release */,
			);
			defaultConfigurationIsVisible = 0;
			defaultConfigurationName = Release;
		};
/* End XCConfigurationList section */
	};
	rootObject = F3FB81BD1DA4D3C000604C9C /* Project object */;
}
